
Microsoft Visual Studio Solution File, Format Version 12.00
# Visual Studio Version 16
VisualStudioVersion = 16.0.32106.194
MinimumVisualStudioVersion = 10.0.40219.1
Project("{FAE04EC0-301F-11D3-BF4B-00C04F79EFBC}") = "ProjetoAtividade", "ProjetoAtividade\ProjetoAtividade.csproj", "{31310318-A465-4904-B915-DB43E1D8AA26}"
EndProject
Global
	GlobalSection(SolutionConfigurationPlatforms) = preSolution
		Debug|Any CPU = Debug|Any CPU
		Release|Any CPU = Release|Any CPU
	EndGlobalSection
	GlobalSection(ProjectConfigurationPlatforms) = postSolution
		{31310318-A465-4904-B915-DB43E1D8AA26}.Debug|Any CPU.ActiveCfg = Debug|Any CPU
		{31310318-A465-4904-B915-DB43E1D8AA26}.Debug|Any CPU.Build.0 = Debug|Any CPU
		{31310318-A465-4904-B915-DB43E1D8AA26}.Release|Any CPU.ActiveCfg = Release|Any CPU
		{31310318-A465-4904-B915-DB43E1D8AA26}.Release|Any CPU.Build.0 = Release|Any CPU
	EndGlobalSection
	GlobalSection(SolutionProperties) = preSolution
		HideSolutionNode = FALSE
	EndGlobalSection
	GlobalSection(ExtensibilityGlobals) = postSolution
		SolutionGuid = {181E780F-8AC1-4F47-AA48-2FAA3A8E9646}
	EndGlobalSection
EndGlobal
